
Microsoft Visual Studio Solution File, Format Version 12.00
# Visual Studio Version 17
VisualStudioVersion = 17.2.32630.192
MinimumVisualStudioVersion = 10.0.40219.1
Project("{FAE04EC0-301F-11D3-BF4B-00C04F79EFBC}") = "TestJenkins", "TestJenkins.csproj", "{C792EE5B-E86C-47B8-A0BC-BB9A582DABCC}"
EndProject
Global
	GlobalSection(SolutionConfigurationPlatforms) = preSolution
		Debug|Any CPU = Debug|Any CPU
		Release|Any CPU = Release|Any CPU
	EndGlobalSection
	GlobalSection(ProjectConfigurationPlatforms) = postSolution
		{C792EE5B-E86C-47B8-A0BC-BB9A582DABCC}.Debug|Any CPU.ActiveCfg = Debug|Any CPU
		{C792EE5B-E86C-47B8-A0BC-BB9A582DABCC}.Debug|Any CPU.Build.0 = Debug|Any CPU
		{C792EE5B-E86C-47B8-A0BC-BB9A582DABCC}.Release|Any CPU.ActiveCfg = Release|Any CPU
		{C792EE5B-E86C-47B8-A0BC-BB9A582DABCC}.Release|Any CPU.Build.0 = Release|Any CPU
	EndGlobalSection
	GlobalSection(SolutionProperties) = preSolution
		HideSolutionNode = FALSE
	EndGlobalSection
	GlobalSection(ExtensibilityGlobals) = postSolution
		SolutionGuid = {3C50C441-CD3F-4086-BA5C-4DBA8DBF3C45}
	EndGlobalSection
EndGlobal
